
Microsoft Visual Studio Solution File, Format Version 12.00
# Visual Studio Version 17
VisualStudioVersion = 17.6.33801.468
MinimumVisualStudioVersion = 10.0.40219.1
Project("{FAE04EC0-301F-11D3-BF4B-00C04F79EFBC}") = "SwagLabs_ShoppingCart", "SwagLabs_ShoppingCart.csproj", "{BBD4DBD9-17D0-4D6B-BC15-F7350ABB5862}"
EndProject
Global
	GlobalSection(SolutionConfigurationPlatforms) = preSolution
		Debug|Any CPU = Debug|Any CPU
		Release|Any CPU = Release|Any CPU
	EndGlobalSection
	GlobalSection(ProjectConfigurationPlatforms) = postSolution
		{BBD4DBD9-17D0-4D6B-BC15-F7350ABB5862}.Debug|Any CPU.ActiveCfg = Debug|Any CPU
		{BBD4DBD9-17D0-4D6B-BC15-F7350ABB5862}.Debug|Any CPU.Build.0 = Debug|Any CPU
		{BBD4DBD9-17D0-4D6B-BC15-F7350ABB5862}.Release|Any CPU.ActiveCfg = Release|Any CPU
		{BBD4DBD9-17D0-4D6B-BC15-F7350ABB5862}.Release|Any CPU.Build.0 = Release|Any CPU
	EndGlobalSection
	GlobalSection(SolutionProperties) = preSolution
		HideSolutionNode = FALSE
	EndGlobalSection
	GlobalSection(ExtensibilityGlobals) = postSolution
		SolutionGuid = {4B67A2FB-DA2D-4826-9225-8B67BAEE4C5E}
	EndGlobalSection
EndGlobal
